
Microsoft Visual Studio Solution File, Format Version 12.00
# Visual Studio Version 17
VisualStudioVersion = 17.10.35122.118
MinimumVisualStudioVersion = 10.0.40219.1
Project("{FAE04EC0-301F-11D3-BF4B-00C04F79EFBC}") = "CRUDProductoQ32024", "CRUDProductoQ32024\CRUDProductoQ32024.csproj", "{B5821210-6AC0-47F1-8399-F1075E9146F5}"
EndProject
Global
	GlobalSection(SolutionConfigurationPlatforms) = preSolution
		Debug|Any CPU = Debug|Any CPU
		Release|Any CPU = Release|Any CPU
	EndGlobalSection
	GlobalSection(ProjectConfigurationPlatforms) = postSolution
		{B5821210-6AC0-47F1-8399-F1075E9146F5}.Debug|Any CPU.ActiveCfg = Debug|Any CPU
		{B5821210-6AC0-47F1-8399-F1075E9146F5}.Debug|Any CPU.Build.0 = Debug|Any CPU
		{B5821210-6AC0-47F1-8399-F1075E9146F5}.Debug|Any CPU.Deploy.0 = Debug|Any CPU
		{B5821210-6AC0-47F1-8399-F1075E9146F5}.Release|Any CPU.ActiveCfg = Release|Any CPU
		{B5821210-6AC0-47F1-8399-F1075E9146F5}.Release|Any CPU.Build.0 = Release|Any CPU
		{B5821210-6AC0-47F1-8399-F1075E9146F5}.Release|Any CPU.Deploy.0 = Release|Any CPU
	EndGlobalSection
	GlobalSection(SolutionProperties) = preSolution
		HideSolutionNode = FALSE
	EndGlobalSection
	GlobalSection(ExtensibilityGlobals) = postSolution
		SolutionGuid = {4C0501F4-A3AE-488E-8FEB-787529061943}
	EndGlobalSection
EndGlobal
